
Microsoft Visual Studio Solution File, Format Version 12.00
# Visual Studio Version 16
VisualStudioVersion = 16.0.29102.190
MinimumVisualStudioVersion = 10.0.40219.1
Project("{9A19103F-16F7-4668-BE54-9A1E7A4F7556}") = "UniversalDownloaderPlatform.Engine", "UniversalDownloaderPlatform.Engine\UniversalDownloaderPlatform.Engine.csproj", "{88D67B58-02E2-4231-BB89-92BB74622560}"
EndProject
Project("{9A19103F-16F7-4668-BE54-9A1E7A4F7556}") = "UniversalDownloaderPlatform.Common", "UniversalDownloaderPlatform.Common\UniversalDownloaderPlatform.Common.csproj", "{26CDEACE-3F4B-4D87-9AAE-5A54DA7F74BC}"
EndProject
Project("{9A19103F-16F7-4668-BE54-9A1E7A4F7556}") = "UniversalDownloaderPlatform.DefaultImplementations", "UniversalDownloaderPlatform.DefaultImplementations\UniversalDownloaderPlatform.DefaultImplementations.csproj", "{A58274CC-BF06-4A49-9808-17A32AF64B1E}"
EndProject
Project("{9A19103F-16F7-4668-BE54-9A1E7A4F7556}") = "UniversalDownloaderPlatform.GoogleDriveDownloader", "UniversalDownloaderPlatform.GoogleDriveDownloader\UniversalDownloaderPlatform.GoogleDriveDownloader.csproj", "{045E272F-2FA9-4AB1-B752-633DFBE56D8B}"
EndProject
Project("{9A19103F-16F7-4668-BE54-9A1E7A4F7556}") = "UniversalDownloaderPlatform.MegaDownloader", "UniversalDownloaderPlatform.MegaDownloader\UniversalDownloaderPlatform.MegaDownloader.csproj", "{36537110-28C0-4CB1-B581-9D4AE475D5D7}"
EndProject
Global
	GlobalSection(SolutionConfigurationPlatforms) = preSolution
		Debug|Any CPU = Debug|Any CPU
		Release|Any CPU = Release|Any CPU
	EndGlobalSection
	GlobalSection(ProjectConfigurationPlatforms) = postSolution
		{88D67B58-02E2-4231-BB89-92BB74622560}.Debug|Any CPU.ActiveCfg = Debug|Any CPU
		{88D67B58-02E2-4231-BB89-92BB74622560}.Debug|Any CPU.Build.0 = Debug|Any CPU
		{88D67B58-02E2-4231-BB89-92BB74622560}.Release|Any CPU.ActiveCfg = Release|Any CPU
		{88D67B58-02E2-4231-BB89-92BB74622560}.Release|Any CPU.Build.0 = Release|Any CPU
		{26CDEACE-3F4B-4D87-9AAE-5A54DA7F74BC}.Debug|Any CPU.ActiveCfg = Debug|Any CPU
		{26CDEACE-3F4B-4D87-9AAE-5A54DA7F74BC}.Debug|Any CPU.Build.0 = Debug|Any CPU
		{26CDEACE-3F4B-4D87-9AAE-5A54DA7F74BC}.Release|Any CPU.ActiveCfg = Release|Any CPU
		{26CDEACE-3F4B-4D87-9AAE-5A54DA7F74BC}.Release|Any CPU.Build.0 = Release|Any CPU
		{A58274CC-BF06-4A49-9808-17A32AF64B1E}.Debug|Any CPU.ActiveCfg = Debug|Any CPU
		{A58274CC-BF06-4A49-9808-17A32AF64B1E}.Debug|Any CPU.Build.0 = Debug|Any CPU
		{A58274CC-BF06-4A49-9808-17A32AF64B1E}.Release|Any CPU.ActiveCfg = Release|Any CPU
		{A58274CC-BF06-4A49-9808-17A32AF64B1E}.Release|Any CPU.Build.0 = Release|Any CPU
		{045E272F-2FA9-4AB1-B752-633DFBE56D8B}.Debug|Any CPU.ActiveCfg = Debug|Any CPU
		{045E272F-2FA9-4AB1-B752-633DFBE56D8B}.Debug|Any CPU.Build.0 = Debug|Any CPU
		{045E272F-2FA9-4AB1-B752-633DFBE56D8B}.Release|Any CPU.ActiveCfg = Release|Any CPU
		{045E272F-2FA9-4AB1-B752-633DFBE56D8B}.Release|Any CPU.Build.0 = Release|Any CPU
		{36537110-28C0-4CB1-B581-9D4AE475D5D7}.Debug|Any CPU.ActiveCfg = Debug|Any CPU
		{36537110-28C0-4CB1-B581-9D4AE475D5D7}.Debug|Any CPU.Build.0 = Debug|Any CPU
		{36537110-28C0-4CB1-B581-9D4AE475D5D7}.Release|Any CPU.ActiveCfg = Release|Any CPU
		{36537110-28C0-4CB1-B581-9D4AE475D5D7}.Release|Any CPU.Build.0 = Release|Any CPU
	EndGlobalSection
	GlobalSection(SolutionProperties) = preSolution
		HideSolutionNode = FALSE
	EndGlobalSection
	GlobalSection(ExtensibilityGlobals) = postSolution
		SolutionGuid = {D69B5C66-A2F2-44AE-B347-C072E8538DF6}
	EndGlobalSection
EndGlobal
